
Microsoft Visual Studio Solution File, Format Version 12.00
# Visual Studio Version 16
VisualStudioVersion = 25.0.1706.14
MinimumVisualStudioVersion = 10.0.40219.1
Project("{FAE04EC0-301F-11D3-BF4B-00C04F79EFBC}") = "DSA-PRACTICE", "DSA-PRACTICE\DSA-PRACTICE.csproj", "{FD7B5ABC-26BD-4404-9D19-92A2228A71C1}"
EndProject
Global
	GlobalSection(SolutionConfigurationPlatforms) = preSolution
		Debug|Any CPU = Debug|Any CPU
		Release|Any CPU = Release|Any CPU
	EndGlobalSection
	GlobalSection(ProjectConfigurationPlatforms) = postSolution
		{FD7B5ABC-26BD-4404-9D19-92A2228A71C1}.Debug|Any CPU.ActiveCfg = Debug|Any CPU
		{FD7B5ABC-26BD-4404-9D19-92A2228A71C1}.Debug|Any CPU.Build.0 = Debug|Any CPU
		{FD7B5ABC-26BD-4404-9D19-92A2228A71C1}.Release|Any CPU.ActiveCfg = Release|Any CPU
		{FD7B5ABC-26BD-4404-9D19-92A2228A71C1}.Release|Any CPU.Build.0 = Release|Any CPU
	EndGlobalSection
	GlobalSection(SolutionProperties) = preSolution
		HideSolutionNode = FALSE
	EndGlobalSection
	GlobalSection(ExtensibilityGlobals) = postSolution
		SolutionGuid = {32B00844-25B8-456E-8CBE-09DD217DD408}
	EndGlobalSection
EndGlobal
